dependencies:
- name: redis
  repository: https://charts.bitnami.com/bitnami
  version: 17.11.6
- name: postgresql
  repository: https://charts.bitnami.com/bitnami
  version: 12.1.9
- name: common
  repository: https://bjw-s.github.io/helm-charts
  version: 1.5.1
digest: sha256:efadd6fed4908e6062d0d227177d5d650e5fe5b9c94f1cc99feb33ce3a1d0916
generated: "2023-10-05T14:21:22.588364801-07:00"
